
Microsoft Visual Studio Solution File, Format Version 12.00
# Visual Studio Version 17
VisualStudioVersion = 17.14.37027.9 d17.14
MinimumVisualStudioVersion = 10.0.40219.1
Project("{FAE04EC0-301F-11D3-BF4B-00C04F79EFBC}") = "MiniErp.MultiTenant", "MiniErp.MultiTenant.csproj", "{283E4579-27DE-4DBA-9228-EA6A56575490}"
EndProject
Global
	GlobalSection(SolutionConfigurationPlatforms) = preSolution
		Debug|Any CPU = Debug|Any CPU
		Release|Any CPU = Release|Any CPU
	EndGlobalSection
	GlobalSection(ProjectConfigurationPlatforms) = postSolution
		{283E4579-27DE-4DBA-9228-EA6A56575490}.Debug|Any CPU.ActiveCfg = Debug|Any CPU
		{283E4579-27DE-4DBA-9228-EA6A56575490}.Debug|Any CPU.Build.0 = Debug|Any CPU
		{283E4579-27DE-4DBA-9228-EA6A56575490}.Release|Any CPU.ActiveCfg = Release|Any CPU
		{283E4579-27DE-4DBA-9228-EA6A56575490}.Release|Any CPU.Build.0 = Release|Any CPU
	EndGlobalSection
	GlobalSection(SolutionProperties) = preSolution
		HideSolutionNode = FALSE
	EndGlobalSection
	GlobalSection(ExtensibilityGlobals) = postSolution
		SolutionGuid = {B6F23952-B3AA-481F-9B79-9E2556E1D6A6}
	EndGlobalSection
EndGlobal
